
Microsoft Visual Studio Solution File, Format Version 12.00
# Visual Studio Version 17
VisualStudioVersion = 17.5.33516.290
MinimumVisualStudioVersion = 10.0.40219.1
Project("{FAE04EC0-301F-11D3-BF4B-00C04F79EFBC}") = "IFMA-LP3", "IFMA-LP3\IFMA-LP3.csproj", "{CE8F13F8-0E56-4160-92EC-691E5D59EA4C}"
EndProject
Global
	GlobalSection(SolutionConfigurationPlatforms) = preSolution
		Debug|Any CPU = Debug|Any CPU
		Release|Any CPU = Release|Any CPU
	EndGlobalSection
	GlobalSection(ProjectConfigurationPlatforms) = postSolution
		{CE8F13F8-0E56-4160-92EC-691E5D59EA4C}.Debug|Any CPU.ActiveCfg = Debug|Any CPU
		{CE8F13F8-0E56-4160-92EC-691E5D59EA4C}.Debug|Any CPU.Build.0 = Debug|Any CPU
		{CE8F13F8-0E56-4160-92EC-691E5D59EA4C}.Release|Any CPU.ActiveCfg = Release|Any CPU
		{CE8F13F8-0E56-4160-92EC-691E5D59EA4C}.Release|Any CPU.Build.0 = Release|Any CPU
	EndGlobalSection
	GlobalSection(SolutionProperties) = preSolution
		HideSolutionNode = FALSE
	EndGlobalSection
	GlobalSection(ExtensibilityGlobals) = postSolution
		SolutionGuid = {0C234BD3-5D55-40D7-A011-62AFAE5AA86B}
	EndGlobalSection
EndGlobal
